
Microsoft Visual Studio Solution File, Format Version 12.00
# Visual Studio 15
VisualStudioVersion = 15.0.27004.2008
MinimumVisualStudioVersion = 10.0.40219.1
Project("{FAE04EC0-301F-11D3-BF4B-00C04F79EFBC}") = "Echo.Discord.Api", "DiscordApi\Echo.Discord.Api.csproj", "{F63E3379-968E-48AE-81CE-0B84AABBD2D9}"
EndProject
Project("{FAE04EC0-301F-11D3-BF4B-00C04F79EFBC}") = "Echo.Utils", "Echo.Utils\Echo.Utils.csproj", "{76861B67-979E-4088-88EA-DCEFAD35A59A}"
EndProject
Global
	GlobalSection(SolutionConfigurationPlatforms) = preSolution
		Debug|Any CPU = Debug|Any CPU
		Release|Any CPU = Release|Any CPU
	EndGlobalSection
	GlobalSection(ProjectConfigurationPlatforms) = postSolution
		{F63E3379-968E-48AE-81CE-0B84AABBD2D9}.Debug|Any CPU.ActiveCfg = Debug|Any CPU
		{F63E3379-968E-48AE-81CE-0B84AABBD2D9}.Debug|Any CPU.Build.0 = Debug|Any CPU
		{F63E3379-968E-48AE-81CE-0B84AABBD2D9}.Release|Any CPU.ActiveCfg = Release|Any CPU
		{F63E3379-968E-48AE-81CE-0B84AABBD2D9}.Release|Any CPU.Build.0 = Release|Any CPU
		{76861B67-979E-4088-88EA-DCEFAD35A59A}.Debug|Any CPU.ActiveCfg = Debug|Any CPU
		{76861B67-979E-4088-88EA-DCEFAD35A59A}.Debug|Any CPU.Build.0 = Debug|Any CPU
		{76861B67-979E-4088-88EA-DCEFAD35A59A}.Release|Any CPU.ActiveCfg = Release|Any CPU
		{76861B67-979E-4088-88EA-DCEFAD35A59A}.Release|Any CPU.Build.0 = Release|Any CPU
	EndGlobalSection
	GlobalSection(SolutionProperties) = preSolution
		HideSolutionNode = FALSE
	EndGlobalSection
	GlobalSection(ExtensibilityGlobals) = postSolution
		SolutionGuid = {94659EF3-6DC8-45A6-90A4-B73DB879B79A}
	EndGlobalSection
EndGlobal
